
Microsoft Visual Studio Solution File, Format Version 12.00
# Visual Studio Version 16
VisualStudioVersion = 16.0.30503.244
MinimumVisualStudioVersion = 10.0.40219.1
Project("{2150E333-8FDC-42A3-9474-1A3956D46DE8}") = "Data", "Data", "{ECA85EAB-900D-46CC-9F5D-6C37CBC2C1F2}"
EndProject
Project("{9A19103F-16F7-4668-BE54-9A1E7A4F7556}") = "AS.Data.Models", "Data\AS.Data.Models\AS.Data.Models.csproj", "{56C9343D-AD56-47CB-AD94-90691C812A99}"
EndProject
Project("{9A19103F-16F7-4668-BE54-9A1E7A4F7556}") = "AS.Data", "Data\AS.Data\AS.Data.csproj", "{955275CF-5D03-4CF8-B026-6199B0272E4D}"
EndProject
Project("{2150E333-8FDC-42A3-9474-1A3956D46DE8}") = "Web", "Web", "{3D75BD4A-C674-4410-87B4-93697947261A}"
EndProject
Project("{9A19103F-16F7-4668-BE54-9A1E7A4F7556}") = "AS.Web", "Web\AS.Web\AS.Web.csproj", "{B4C85192-D94A-4A86-B326-A1ADB636AC89}"
EndProject
Project("{9A19103F-16F7-4668-BE54-9A1E7A4F7556}") = "AS.Web.Tests", "AS.Web.Tests\AS.Web.Tests.csproj", "{A4ADF61F-0E48-4E00-927E-5957D3BB6EFA}"
EndProject
Project("{FAE04EC0-301F-11D3-BF4B-00C04F79EFBC}") = "AS.Service", "Service\AS.Service.csproj", "{7AB9E518-4696-4F9D-97C8-B6A4714B5B3B}"
EndProject
Project("{2150E333-8FDC-42A3-9474-1A3956D46DE8}") = "Service", "Service", "{CF2BC9C2-8A9D-4EBD-B1AF-B0F48432FA1C}"
EndProject
Project("{FAE04EC0-301F-11D3-BF4B-00C04F79EFBC}") = "AS.Service.Models", "AS.Service.Models\AS.Service.Models.csproj", "{2F3E1F64-0BC3-4FAA-94B9-95FA80469E0D}"
EndProject
Global
	GlobalSection(SolutionConfigurationPlatforms) = preSolution
		Debug|Any CPU = Debug|Any CPU
		Release|Any CPU = Release|Any CPU
	EndGlobalSection
	GlobalSection(ProjectConfigurationPlatforms) = postSolution
		{56C9343D-AD56-47CB-AD94-90691C812A99}.Debug|Any CPU.ActiveCfg = Debug|Any CPU
		{56C9343D-AD56-47CB-AD94-90691C812A99}.Debug|Any CPU.Build.0 = Debug|Any CPU
		{56C9343D-AD56-47CB-AD94-90691C812A99}.Release|Any CPU.ActiveCfg = Release|Any CPU
		{56C9343D-AD56-47CB-AD94-90691C812A99}.Release|Any CPU.Build.0 = Release|Any CPU
		{955275CF-5D03-4CF8-B026-6199B0272E4D}.Debug|Any CPU.ActiveCfg = Debug|Any CPU
		{955275CF-5D03-4CF8-B026-6199B0272E4D}.Debug|Any CPU.Build.0 = Debug|Any CPU
		{955275CF-5D03-4CF8-B026-6199B0272E4D}.Release|Any CPU.ActiveCfg = Release|Any CPU
		{955275CF-5D03-4CF8-B026-6199B0272E4D}.Release|Any CPU.Build.0 = Release|Any CPU
		{B4C85192-D94A-4A86-B326-A1ADB636AC89}.Debug|Any CPU.ActiveCfg = Debug|Any CPU
		{B4C85192-D94A-4A86-B326-A1ADB636AC89}.Debug|Any CPU.Build.0 = Debug|Any CPU
		{B4C85192-D94A-4A86-B326-A1ADB636AC89}.Release|Any CPU.ActiveCfg = Release|Any CPU
		{B4C85192-D94A-4A86-B326-A1ADB636AC89}.Release|Any CPU.Build.0 = Release|Any CPU
		{A4ADF61F-0E48-4E00-927E-5957D3BB6EFA}.Debug|Any CPU.ActiveCfg = Debug|Any CPU
		{A4ADF61F-0E48-4E00-927E-5957D3BB6EFA}.Debug|Any CPU.Build.0 = Debug|Any CPU
		{A4ADF61F-0E48-4E00-927E-5957D3BB6EFA}.Release|Any CPU.ActiveCfg = Release|Any CPU
		{A4ADF61F-0E48-4E00-927E-5957D3BB6EFA}.Release|Any CPU.Build.0 = Release|Any CPU
		{7AB9E518-4696-4F9D-97C8-B6A4714B5B3B}.Debug|Any CPU.ActiveCfg = Debug|Any CPU
		{7AB9E518-4696-4F9D-97C8-B6A4714B5B3B}.Debug|Any CPU.Build.0 = Debug|Any CPU
		{7AB9E518-4696-4F9D-97C8-B6A4714B5B3B}.Release|Any CPU.ActiveCfg = Release|Any CPU
		{7AB9E518-4696-4F9D-97C8-B6A4714B5B3B}.Release|Any CPU.Build.0 = Release|Any CPU
		{2F3E1F64-0BC3-4FAA-94B9-95FA80469E0D}.Debug|Any CPU.ActiveCfg = Debug|Any CPU
		{2F3E1F64-0BC3-4FAA-94B9-95FA80469E0D}.Debug|Any CPU.Build.0 = Debug|Any CPU
		{2F3E1F64-0BC3-4FAA-94B9-95FA80469E0D}.Release|Any CPU.ActiveCfg = Release|Any CPU
		{2F3E1F64-0BC3-4FAA-94B9-95FA80469E0D}.Release|Any CPU.Build.0 = Release|Any CPU
	EndGlobalSection
	GlobalSection(SolutionProperties) = preSolution
		HideSolutionNode = FALSE
	EndGlobalSection
	GlobalSection(NestedProjects) = preSolution
		{56C9343D-AD56-47CB-AD94-90691C812A99} = {ECA85EAB-900D-46CC-9F5D-6C37CBC2C1F2}
		{955275CF-5D03-4CF8-B026-6199B0272E4D} = {ECA85EAB-900D-46CC-9F5D-6C37CBC2C1F2}
		{B4C85192-D94A-4A86-B326-A1ADB636AC89} = {3D75BD4A-C674-4410-87B4-93697947261A}
		{A4ADF61F-0E48-4E00-927E-5957D3BB6EFA} = {3D75BD4A-C674-4410-87B4-93697947261A}
		{7AB9E518-4696-4F9D-97C8-B6A4714B5B3B} = {CF2BC9C2-8A9D-4EBD-B1AF-B0F48432FA1C}
		{2F3E1F64-0BC3-4FAA-94B9-95FA80469E0D} = {CF2BC9C2-8A9D-4EBD-B1AF-B0F48432FA1C}
	EndGlobalSection
	GlobalSection(ExtensibilityGlobals) = postSolution
		SolutionGuid = {88B18B71-5EE3-40BE-BFAE-3A1974C2677D}
	EndGlobalSection
EndGlobal
